{
  "version": 4,
  "terraform_version": "1.0.10",
  "serial": 9,
  "lineage": "b9fb2afd-4f2f-31a4-0c82-38e2d59ec25d",
  "outputs": {},
  "resources": [
    {
      "mode": "managed",
      "type": "aws_cloudformation_stack",
      "name": "ecs_service",
      "provider": "provider[\"registry.terraform.io/hashicorp/aws\"]",
      "instances": []
    },
    {
      "mode": "managed",
      "type": "aws_ecr_repository",
      "name": "demo-app-repository",
      "provider": "provider[\"registry.terraform.io/hashicorp/aws\"]",
      "instances": [
        {
          "schema_version": 0,
          "attributes": {
            "arn": "arn:aws:ecr:ap-northeast-1:654433662602:repository/demo-webapp",
            "id": "demo-webapp",
            "image_scanning_configuration": [
              {
                "scan_on_push": false
              }
            ],
            "image_tag_mutability": "MUTABLE",
            "name": "demo-webapp",
            "registry_id": "654433662602",
            "repository_url": "654433662602.dkr.ecr.ap-northeast-1.amazonaws.com/demo-webapp",
            "tags": {},
            "timeouts": null
          },
          "sensitive_attributes": [],
          "private": "eyJlMmJmYjczMC1lY2FhLTExZTYtOGY4OC0zNDM2M2JjN2M0YzAiOnsiZGVsZXRlIjoxMjAwMDAwMDAwMDAwfX0="
        }
      ]
    }
  ]
}
